{
  "lockfile_version": "1",
  "packages": {
    "clusterctl@latest": {
      "last_modified": "2025-07-28T17:09:23Z",
      "resolved": "github:NixOS/nixpkgs/648f70160c03151bc2121d179291337ad6bc564b#clusterctl",
      "source": "devbox-search",
      "version": "1.10.4",
      "systems": {
        "aarch64-darwin": {
          "outputs": [
            {
              "name": "out",
              "path": "/nix/store/4hmmx17xj3m502w58zrpdaipxsdizhiz-clusterctl-1.10.4",
              "default": true
            }
          ],
          "store_path": "/nix/store/4hmmx17xj3m502w58zrpdaipxsdizhiz-clusterctl-1.10.4"
        },
        "aarch64-linux": {
          "outputs": [
            {
              "name": "out",
              "path": "/nix/store/0c5y036gkl81n0rzsfzqix9awafapwhc-clusterctl-1.10.4",
              "default": true
            }
          ],
          "store_path": "/nix/store/0c5y036gkl81n0rzsfzqix9awafapwhc-clusterctl-1.10.4"
        },
        "x86_64-darwin": {
          "outputs": [
            {
              "name": "out",
              "path": "/nix/store/v7jqgpj6zvinzjg814l9asklfjnyb967-clusterctl-1.10.4",
              "default": true
            }
          ],
          "store_path": "/nix/store/v7jqgpj6zvinzjg814l9asklfjnyb967-clusterctl-1.10.4"
        },
        "x86_64-linux": {
          "outputs": [
            {
              "name": "out",
              "path": "/nix/store/3kxrfw7ql2s1n83wmavdf8yhzy8a9cl3-clusterctl-1.10.4",
              "default": true
            }
          ],
          "store_path": "/nix/store/3kxrfw7ql2s1n83wmavdf8yhzy8a9cl3-clusterctl-1.10.4"
        }
      }
    },
    "crane@latest": {
      "last_modified": "2025-07-28T17:09:23Z",
      "resolved": "github:NixOS/nixpkgs/648f70160c03151bc2121d179291337ad6bc564b#crane",
      "source": "devbox-search",
      "version": "0.20.6",
      "systems": {
        "aarch64-darwin": {
          "outputs": [
            {
              "name": "crane",
              "path": "/nix/store/dndr25rzfh8vfs9hlga6dsg8ghsk82fp-go-containerregistry-0.20.6-crane",
              "default": true
            },
            {
              "name": "out",
              "path": "/nix/store/y1p73c1xxrnfi57i6axsryi4r7prwyhw-go-containerregistry-0.20.6",
              "default": true
            },
            {
              "name": "gcrane",
              "path": "/nix/store/xgjdy084b69w0giribsbbc60qv4dsyy5-go-containerregistry-0.20.6-gcrane"
            }
          ],
          "store_path": "/nix/store/dndr25rzfh8vfs9hlga6dsg8ghsk82fp-go-containerregistry-0.20.6-crane"
        },
        "aarch64-linux": {
          "outputs": [
            {
              "name": "crane",
              "path": "/nix/store/31m65j17748db2mnbhynh5n03f9hw05w-go-containerregistry-0.20.6-crane",
              "default": true
            },
            {
              "name": "out",
              "path": "/nix/store/pb6p4mmrg1kzx4ahw58kk7nq4vb936cx-go-containerregistry-0.20.6",
              "default": true
            },
            {
              "name": "gcrane",
              "path": "/nix/store/c8gd85caa9yhrjg58gwbrxx6g9c0caj1-go-containerregistry-0.20.6-gcrane"
            }
          ],
          "store_path": "/nix/store/31m65j17748db2mnbhynh5n03f9hw05w-go-containerregistry-0.20.6-crane"
        },
        "x86_64-darwin": {
          "outputs": [
            {
              "name": "crane",
              "path": "/nix/store/wgyvdfym30h2i2a3rp3j9g07awhp730r-go-containerregistry-0.20.6-crane",
              "default": true
            },
            {
              "name": "out",
              "path": "/nix/store/5gm583vkyh88210dcras0x8w4z8mlf0c-go-containerregistry-0.20.6",
              "default": true
            },
            {
              "name": "gcrane",
              "path": "/nix/store/rlhbwrmn9xwb6hcz1ysagzqpdkc255x1-go-containerregistry-0.20.6-gcrane"
            }
          ],
          "store_path": "/nix/store/wgyvdfym30h2i2a3rp3j9g07awhp730r-go-containerregistry-0.20.6-crane"
        },
        "x86_64-linux": {
          "outputs": [
            {
              "name": "crane",
              "path": "/nix/store/ccj6agpqmih3pl8v3i74yqi12qdhnvbg-go-containerregistry-0.20.6-crane",
              "default": true
            },
            {
              "name": "out",
              "path": "/nix/store/sf3ripxi4yrjwp2c7hv9jl8wwjkqqzg6-go-containerregistry-0.20.6",
              "default": true
            },
            {
              "name": "gcrane",
              "path": "/nix/store/d2pyzfrnlq1a78xm4v5dk0q3fs1d9b1s-go-containerregistry-0.20.6-gcrane"
            }
          ],
          "store_path": "/nix/store/ccj6agpqmih3pl8v3i74yqi12qdhnvbg-go-containerregistry-0.20.6-crane"
        }
      }
    },
    "envsubst@latest": {
      "last_modified": "2025-07-28T17:09:23Z",
      "resolved": "github:NixOS/nixpkgs/648f70160c03151bc2121d179291337ad6bc564b#envsubst",
      "source": "devbox-search",
      "version": "1.4.3",
      "systems": {
        "aarch64-darwin": {
          "outputs": [
            {
              "name": "out",
              "path": "/nix/store/rn058iyrpz2bscnp5qgj5nizxspg0j2m-envsubst-1.4.3",
              "default": true
            }
          ],
          "store_path": "/nix/store/rn058iyrpz2bscnp5qgj5nizxspg0j2m-envsubst-1.4.3"
        },
        "aarch64-linux": {
          "outputs": [
            {
              "name": "out",
              "path": "/nix/store/qznnyr6gnibv91i286gzplk5pjl2bixy-envsubst-1.4.3",
              "default": true
            }
          ],
          "store_path": "/nix/store/qznnyr6gnibv91i286gzplk5pjl2bixy-envsubst-1.4.3"
        },
        "x86_64-darwin": {
          "outputs": [
            {
              "name": "out",
              "path": "/nix/store/ys1lhv820rvhgdwvskis7xp49b3fbgz4-envsubst-1.4.3",
              "default": true
            }
          ],
          "store_path": "/nix/store/ys1lhv820rvhgdwvskis7xp49b3fbgz4-envsubst-1.4.3"
        },
        "x86_64-linux": {
          "outputs": [
            {
              "name": "out",
              "path": "/nix/store/6dsylwnpzqjgd0bj30jbiwr7x1n33ffp-envsubst-1.4.3",
              "default": true
            }
          ],
          "store_path": "/nix/store/6dsylwnpzqjgd0bj30jbiwr7x1n33ffp-envsubst-1.4.3"
        }
      }
    },
    "github:NixOS/nixpkgs/nixpkgs-unstable": {
      "last_modified": "2025-09-02T13:16:47Z",
      "resolved": "github:NixOS/nixpkgs/aaff8c16d7fc04991cac6245bee1baa31f72b1e1?lastModified=1756819007&narHash=sha256-12V64nKG%2FO%2FguxSYnr5%2Fnq1EfqwJCdD2%2BcIGmhz3nrE%3D"
    },
    "go-task@latest": {
      "last_modified": "2025-08-03T19:18:05Z",
      "resolved": "github:NixOS/nixpkgs/bf9fa86a9b1005d932f842edf2c38eeecc98eef3#go-task",
      "source": "devbox-search",
      "version": "3.44.1",
      "systems": {
        "aarch64-darwin": {
          "outputs": [
            {
              "name": "out",
              "path": "/nix/store/2s2xbxzkshricg27p5m6qg8xay6j1qcm-go-task-3.44.1",
              "default": true
            }
          ],
          "store_path": "/nix/store/2s2xbxzkshricg27p5m6qg8xay6j1qcm-go-task-3.44.1"
        },
        "aarch64-linux": {
          "outputs": [
            {
              "name": "out",
              "path": "/nix/store/gf4cj1rnppcdbn1pksaw1a4zs6mm97h1-go-task-3.44.1",
              "default": true
            }
          ],
          "store_path": "/nix/store/gf4cj1rnppcdbn1pksaw1a4zs6mm97h1-go-task-3.44.1"
        },
        "x86_64-darwin": {
          "outputs": [
            {
              "name": "out",
              "path": "/nix/store/nq56q1rfknrl3b7acshqbiyrg6xnq39r-go-task-3.44.1",
              "default": true
            }
          ],
          "store_path": "/nix/store/nq56q1rfknrl3b7acshqbiyrg6xnq39r-go-task-3.44.1"
        },
        "x86_64-linux": {
          "outputs": [
            {
              "name": "out",
              "path": "/nix/store/zjfzqsapmydx7y49clmj29l75ki4gi11-go-task-3.44.1",
              "default": true
            }
          ],
          "store_path": "/nix/store/zjfzqsapmydx7y49clmj29l75ki4gi11-go-task-3.44.1"
        }
      }
    },
    "kind@latest": {
      "last_modified": "2025-07-28T17:09:23Z",
      "resolved": "github:NixOS/nixpkgs/648f70160c03151bc2121d179291337ad6bc564b#kind",
      "source": "devbox-search",
      "version": "0.29.0",
      "systems": {
        "aarch64-darwin": {
          "outputs": [
            {
              "name": "out",
              "path": "/nix/store/prhgjwv6cqf2s1hgr662w7h56amykcpp-kind-0.29.0",
              "default": true
            }
          ],
          "store_path": "/nix/store/prhgjwv6cqf2s1hgr662w7h56amykcpp-kind-0.29.0"
        },
        "aarch64-linux": {
          "outputs": [
            {
              "name": "out",
              "path": "/nix/store/ij8mcqwncmw68i676b4dybgwx5k1filn-kind-0.29.0",
              "default": true
            }
          ],
          "store_path": "/nix/store/ij8mcqwncmw68i676b4dybgwx5k1filn-kind-0.29.0"
        },
        "x86_64-darwin": {
          "outputs": [
            {
              "name": "out",
              "path": "/nix/store/ssn028ms5f62wsznhvl7kks62idd6y4w-kind-0.29.0",
              "default": true
            }
          ],
          "store_path": "/nix/store/ssn028ms5f62wsznhvl7kks62idd6y4w-kind-0.29.0"
        },
        "x86_64-linux": {
          "outputs": [
            {
              "name": "out",
              "path": "/nix/store/r6j7f9fk5cnss0i0ddm5yf9r23n1bc13-kind-0.29.0",
              "default": true
            }
          ],
          "store_path": "/nix/store/r6j7f9fk5cnss0i0ddm5yf9r23n1bc13-kind-0.29.0"
        }
      }
    },
    "kubectl@latest": {
      "last_modified": "2025-07-28T17:09:23Z",
      "resolved": "github:NixOS/nixpkgs/648f70160c03151bc2121d179291337ad6bc564b#kubectl",
      "source": "devbox-search",
      "version": "1.33.3",
      "systems": {
        "aarch64-darwin": {
          "outputs": [
            {
              "name": "out",
              "path": "/nix/store/k5hj0mxpv84w7xzx2z4wc06r4hg1ccwj-kubectl-1.33.3",
              "default": true
            },
            {
              "name": "man",
              "path": "/nix/store/2mckzmqkc5y3bh66sx2ij6sy2l1yy5s3-kubectl-1.33.3-man",
              "default": true
            },
            {
              "name": "convert",
              "path": "/nix/store/x225vv21kfp2pgi3hxac4cpz60qlh6nv-kubectl-1.33.3-convert"
            }
          ],
          "store_path": "/nix/store/k5hj0mxpv84w7xzx2z4wc06r4hg1ccwj-kubectl-1.33.3"
        },
        "aarch64-linux": {
          "outputs": [
            {
              "name": "out",
              "path": "/nix/store/cclissn11ab1rw49qybz8q31631n3m9x-kubectl-1.33.3",
              "default": true
            },
            {
              "name": "man",
              "path": "/nix/store/5npib1jfzm5mnv2ri6lv3z1l2pxhp8lr-kubectl-1.33.3-man",
              "default": true
            },
            {
              "name": "convert",
              "path": "/nix/store/1ahkazwv31h3irkxpzazg20kpn3kngbz-kubectl-1.33.3-convert"
            }
          ],
          "store_path": "/nix/store/cclissn11ab1rw49qybz8q31631n3m9x-kubectl-1.33.3"
        },
        "x86_64-darwin": {
          "outputs": [
            {
              "name": "out",
              "path": "/nix/store/qhvbci1vbd66884yza8d8sr3xn08v5ar-kubectl-1.33.3",
              "default": true
            },
            {
              "name": "man",
              "path": "/nix/store/9r8lxjhv229w8c2gf0kbwsfjl9jcv6y2-kubectl-1.33.3-man",
              "default": true
            },
            {
              "name": "convert",
              "path": "/nix/store/x74dqs19xz986l140bjn15awxf62dkys-kubectl-1.33.3-convert"
            }
          ],
          "store_path": "/nix/store/qhvbci1vbd66884yza8d8sr3xn08v5ar-kubectl-1.33.3"
        },
        "x86_64-linux": {
          "outputs": [
            {
              "name": "out",
              "path": "/nix/store/vpx0zzs0hazp7k9byys204jl805ksa2y-kubectl-1.33.3",
              "default": true
            },
            {
              "name": "man",
              "path": "/nix/store/w38d510ixf5ijs8z4j6c2yiinqk8ddx8-kubectl-1.33.3-man",
              "default": true
            },
            {
              "name": "convert",
              "path": "/nix/store/sj77h1x39z09mmq6rv1cjmpj6gg9gylf-kubectl-1.33.3-convert"
            }
          ],
          "store_path": "/nix/store/vpx0zzs0hazp7k9byys204jl805ksa2y-kubectl-1.33.3"
        }
      }
    },
    "kubernetes-helm@latest": {
      "last_modified": "2025-07-28T17:09:23Z",
      "resolved": "github:NixOS/nixpkgs/648f70160c03151bc2121d179291337ad6bc564b#kubernetes-helm",
      "source": "devbox-search",
      "version": "3.18.4",
      "systems": {
        "aarch64-darwin": {
          "outputs": [
            {
              "name": "out",
              "path": "/nix/store/0cxdf30s34zacr305rbyavvnamx36hs4-kubernetes-helm-3.18.4",
              "default": true
            }
          ],
          "store_path": "/nix/store/0cxdf30s34zacr305rbyavvnamx36hs4-kubernetes-helm-3.18.4"
        },
        "aarch64-linux": {
          "outputs": [
            {
              "name": "out",
              "path": "/nix/store/2s4r0aik3lkdhjkhs7hj38pbk29fs968-kubernetes-helm-3.18.4",
              "default": true
            }
          ],
          "store_path": "/nix/store/2s4r0aik3lkdhjkhs7hj38pbk29fs968-kubernetes-helm-3.18.4"
        },
        "x86_64-darwin": {
          "outputs": [
            {
              "name": "out",
              "path": "/nix/store/y5wgqd0sr8grd59dzl77gc8907gb5078-kubernetes-helm-3.18.4",
              "default": true
            }
          ],
          "store_path": "/nix/store/y5wgqd0sr8grd59dzl77gc8907gb5078-kubernetes-helm-3.18.4"
        },
        "x86_64-linux": {
          "outputs": [
            {
              "name": "out",
              "path": "/nix/store/s77p25dg7dib28llm63b8xp0609gld5w-kubernetes-helm-3.18.4",
              "default": true
            }
          ],
          "store_path": "/nix/store/s77p25dg7dib28llm63b8xp0609gld5w-kubernetes-helm-3.18.4"
        }
      }
    },
    "kustomize@latest": {
      "last_modified": "2025-08-01T06:30:45Z",
      "resolved": "github:NixOS/nixpkgs/a7822a17050fedda63794775b9090880c8214290#kustomize",
      "source": "devbox-search",
      "version": "5.7.1",
      "systems": {
        "aarch64-darwin": {
          "outputs": [
            {
              "name": "out",
              "path": "/nix/store/96dvv6b7w0xmvjdyqa8k8hbl4q8k7ij6-kustomize-5.7.1",
              "default": true
            }
          ],
          "store_path": "/nix/store/96dvv6b7w0xmvjdyqa8k8hbl4q8k7ij6-kustomize-5.7.1"
        },
        "aarch64-linux": {
          "outputs": [
            {
              "name": "out",
              "path": "/nix/store/asmmvjq7s8adl4kqm5cyjnvclldch6mb-kustomize-5.7.1",
              "default": true
            }
          ],
          "store_path": "/nix/store/asmmvjq7s8adl4kqm5cyjnvclldch6mb-kustomize-5.7.1"
        },
        "x86_64-darwin": {
          "outputs": [
            {
              "name": "out",
              "path": "/nix/store/3l2q9qbddfg8cz47hs64ggvvls8q5953-kustomize-5.7.1",
              "default": true
            }
          ],
          "store_path": "/nix/store/3l2q9qbddfg8cz47hs64ggvvls8q5953-kustomize-5.7.1"
        },
        "x86_64-linux": {
          "outputs": [
            {
              "name": "out",
              "path": "/nix/store/w9lybkbpfp6c7fwi8cyygvfj3di2dcvg-kustomize-5.7.1",
              "default": true
            }
          ],
          "store_path": "/nix/store/w9lybkbpfp6c7fwi8cyygvfj3di2dcvg-kustomize-5.7.1"
        }
      }
    },
    "yq-go@latest": {
      "last_modified": "2025-07-28T17:09:23Z",
      "resolved": "github:NixOS/nixpkgs/648f70160c03151bc2121d179291337ad6bc564b#yq-go",
      "source": "devbox-search",
      "version": "4.47.1",
      "systems": {
        "aarch64-darwin": {
          "outputs": [
            {
              "name": "out",
              "path": "/nix/store/c60vkx9c2hyp39ajq0v211j1yll5d4as-yq-go-4.47.1",
              "default": true
            }
          ],
          "store_path": "/nix/store/c60vkx9c2hyp39ajq0v211j1yll5d4as-yq-go-4.47.1"
        },
        "aarch64-linux": {
          "outputs": [
            {
              "name": "out",
              "path": "/nix/store/f7n0i12bhhq9ssv8n07pd8pmqarqbvhg-yq-go-4.47.1",
              "default": true
            }
          ],
          "store_path": "/nix/store/f7n0i12bhhq9ssv8n07pd8pmqarqbvhg-yq-go-4.47.1"
        },
        "x86_64-darwin": {
          "outputs": [
            {
              "name": "out",
              "path": "/nix/store/vga6ykbgq5hifmvwynk2w8pgncdqbgb9-yq-go-4.47.1",
              "default": true
            }
          ],
          "store_path": "/nix/store/vga6ykbgq5hifmvwynk2w8pgncdqbgb9-yq-go-4.47.1"
        },
        "x86_64-linux": {
          "outputs": [
            {
              "name": "out",
              "path": "/nix/store/b6j0gv68plxb5cxj2gwjdz8b998rpw87-yq-go-4.47.1",
              "default": true
            }
          ],
          "store_path": "/nix/store/b6j0gv68plxb5cxj2gwjdz8b998rpw87-yq-go-4.47.1"
        }
      }
    }
  }
}
